// !$*UTF8*$!
{
	archiveVersion = 1;
	classes = {
	};
	objectVersion = 50;
	objects = {

/* Begin PBXBuildFile section */
		005D1E0E260FE07100C7671D /* SignUpScene.swift in Sources */ = {isa = PBXBuildFile; fileRef = 005D1E0D260FE07100C7671D /* SignUpScene.swift */; };
		005D1E11260FE12100C7671D /* UserSettingsScene.swift in Sources */ = {isa = PBXBuildFile; fileRef = 005D1E10260FE12100C7671D /* UserSettingsScene.swift */; };
		005D1E14260FE17C00C7671D /* SignUpScene.sks in Resources */ = {isa = PBXBuildFile; fileRef = 005D1E13260FE17C00C7671D /* SignUpScene.sks */; };
		3075276A260FC4C400298A77 /* ProductivityScene.sks in Resources */ = {isa = PBXBuildFile; fileRef = 30752769260FC4C400298A77 /* ProductivityScene.sks */; };
		3075276E260FC53F00298A77 /* ProductivityScene.swift in Sources */ = {isa = PBXBuildFile; fileRef = 3075276D260FC53F00298A77 /* ProductivityScene.swift */; };
		30752774260FD47400298A77 /* ProductivityMainScene.swift in Sources */ = {isa = PBXBuildFile; fileRef = 30752773260FD47400298A77 /* ProductivityMainScene.swift */; };
		30752777260FD4E700298A77 /* ProductivityMainScene.sks in Resources */ = {isa = PBXBuildFile; fileRef = 30752776260FD4E700298A77 /* ProductivityMainScene.sks */; };
		7E6778AA26247D9C007119B7 /* GoogleService-Info.plist in Resources */ = {isa = PBXBuildFile; fileRef = 7E6778A926247D9B007119B7 /* GoogleService-Info.plist */; };
		7E6778AC26249311007119B7 /* GameElements.swift in Sources */ = {isa = PBXBuildFile; fileRef = 7E6778AB26249311007119B7 /* GameElements.swift */; };
		7E6778B02625C472007119B7 /* Game.swift in Sources */ = {isa = PBXBuildFile; fileRef = 7E6778AF2625C472007119B7 /* Game.swift */; };
		7E73CA63260B7B8E00B2DFB1 /* LoginScene.sks in Resources */ = {isa = PBXBuildFile; fileRef = 7E73CA62260B7B8E00B2DFB1 /* LoginScene.sks */; };
		7E73CA65260B7BAE00B2DFB1 /* LoginScene.swift in Sources */ = {isa = PBXBuildFile; fileRef = 7E73CA64260B7BAE00B2DFB1 /* LoginScene.swift */; };
		7E73CA67260B854700B2DFB1 /* TimerScene.sks in Resources */ = {isa = PBXBuildFile; fileRef = 7E73CA66260B854700B2DFB1 /* TimerScene.sks */; };
		7E73CA69260B855800B2DFB1 /* TimerScene.swift in Sources */ = {isa = PBXBuildFile; fileRef = 7E73CA68260B855800B2DFB1 /* TimerScene.swift */; };
		7EF2111426092C2D009FFDE0 /* AppDelegate.swift in Sources */ = {isa = PBXBuildFile; fileRef = 7EF2111326092C2D009FFDE0 /* AppDelegate.swift */; };
		7EF2111626092C2D009FFDE0 /* GameScene.sks in Resources */ = {isa = PBXBuildFile; fileRef = 7EF2111526092C2D009FFDE0 /* GameScene.sks */; };
		7EF2111826092C2D009FFDE0 /* Actions.sks in Resources */ = {isa = PBXBuildFile; fileRef = 7EF2111726092C2D009FFDE0 /* Actions.sks */; };
		7EF2111A26092C2D009FFDE0 /* GameScene.swift in Sources */ = {isa = PBXBuildFile; fileRef = 7EF2111926092C2D009FFDE0 /* GameScene.swift */; };
		7EF2111C26092C2D009FFDE0 /* GameViewController.swift in Sources */ = {isa = PBXBuildFile; fileRef = 7EF2111B26092C2D009FFDE0 /* GameViewController.swift */; };
		7EF2111F26092C2D009FFDE0 /* Main.storyboard in Resources */ = {isa = PBXBuildFile; fileRef = 7EF2111D26092C2D009FFDE0 /* Main.storyboard */; };
		7EF2112126092C2F009FFDE0 /* Assets.xcassets in Resources */ = {isa = PBXBuildFile; fileRef = 7EF2112026092C2F009FFDE0 /* Assets.xcassets */; };
		7EF2112426092C2F009FFDE0 /* LaunchScreen.storyboard in Resources */ = {isa = PBXBuildFile; fileRef = 7EF2112226092C2F009FFDE0 /* LaunchScreen.storyboard */; };
/* End PBXBuildFile section */

/* Begin PBXFileReference section */
		005D1E0D260FE07100C7671D /* SignUpScene.swift */ = {isa = PBXFileReference; lastKnownFileType = sourcecode.swift; path = SignUpScene.swift; sourceTree = "<group>"; };
		005D1E10260FE12100C7671D /* UserSettingsScene.swift */ = {isa = PBXFileReference; lastKnownFileType = sourcecode.swift; path = UserSettingsScene.swift; sourceTree = "<group>"; };
		005D1E13260FE17C00C7671D /* SignUpScene.sks */ = {isa = PBXFileReference; lastKnownFileType = file.sks; path = SignUpScene.sks; sourceTree = "<group>"; };
		30752769260FC4C400298A77 /* ProductivityScene.sks */ = {isa = PBXFileReference; lastKnownFileType = file.sks; path = ProductivityScene.sks; sourceTree = "<group>"; };
		3075276D260FC53F00298A77 /* ProductivityScene.swift */ = {isa = PBXFileReference; lastKnownFileType = sourcecode.swift; path = ProductivityScene.swift; sourceTree = "<group>"; };
		30752773260FD47400298A77 /* ProductivityMainScene.swift */ = {isa = PBXFileReference; lastKnownFileType = sourcecode.swift; path = ProductivityMainScene.swift; sourceTree = "<group>"; };
		30752776260FD4E700298A77 /* ProductivityMainScene.sks */ = {isa = PBXFileReference; lastKnownFileType = file.sks; path = ProductivityMainScene.sks; sourceTree = "<group>"; };
		7E6778A926247D9B007119B7 /* GoogleService-Info.plist */ = {isa = PBXFileReference; fileEncoding = 4; lastKnownFileType = text.plist.xml; path = "GoogleService-Info.plist"; sourceTree = "<group>"; };
		7E6778AB26249311007119B7 /* GameElements.swift */ = {isa = PBXFileReference; lastKnownFileType = sourcecode.swift; path = GameElements.swift; sourceTree = "<group>"; };
		7E6778AF2625C472007119B7 /* Game.swift */ = {isa = PBXFileReference; lastKnownFileType = sourcecode.swift; path = Game.swift; sourceTree = "<group>"; };
		7E73CA62260B7B8E00B2DFB1 /* LoginScene.sks */ = {isa = PBXFileReference; lastKnownFileType = file.sks; path = LoginScene.sks; sourceTree = "<group>"; };
		7E73CA64260B7BAE00B2DFB1 /* LoginScene.swift */ = {isa = PBXFileReference; lastKnownFileType = sourcecode.swift; path = LoginScene.swift; sourceTree = "<group>"; };
		7E73CA66260B854700B2DFB1 /* TimerScene.sks */ = {isa = PBXFileReference; lastKnownFileType = file.sks; path = TimerScene.sks; sourceTree = "<group>"; };
		7E73CA68260B855800B2DFB1 /* TimerScene.swift */ = {isa = PBXFileReference; lastKnownFileType = sourcecode.swift; path = TimerScene.swift; sourceTree = "<group>"; };
		7EF2111026092C2D009FFDE0 /* Work Hard Play Hard.app */ = {isa = PBXFileReference; explicitFileType = wrapper.application; includeInIndex = 0; path = "Work Hard Play Hard.app"; sourceTree = BUILT_PRODUCTS_DIR; };
		7EF2111326092C2D009FFDE0 /* AppDelegate.swift */ = {isa = PBXFileReference; lastKnownFileType = sourcecode.swift; path = AppDelegate.swift; sourceTree = "<group>"; };
		7EF2111526092C2D009FFDE0 /* GameScene.sks */ = {isa = PBXFileReference; lastKnownFileType = file.sks; path = GameScene.sks; sourceTree = "<group>"; };
		7EF2111726092C2D009FFDE0 /* Actions.sks */ = {isa = PBXFileReference; lastKnownFileType = file.sks; path = Actions.sks; sourceTree = "<group>"; };
		7EF2111926092C2D009FFDE0 /* GameScene.swift */ = {isa = PBXFileReference; lastKnownFileType = sourcecode.swift; path = GameScene.swift; sourceTree = "<group>"; };
		7EF2111B26092C2D009FFDE0 /* GameViewController.swift */ = {isa = PBXFileReference; lastKnownFileType = sourcecode.swift; path = GameViewController.swift; sourceTree = "<group>"; };
		7EF2111E26092C2D009FFDE0 /* Base */ = {isa = PBXFileReference; lastKnownFileType = file.storyboard; name = Base; path = Base.lproj/Main.storyboard; sourceTree = "<group>"; };
		7EF2112026092C2F009FFDE0 /* Assets.xcassets */ = {isa = PBXFileReference; lastKnownFileType = folder.assetcatalog; path = Assets.xcassets; sourceTree = "<group>"; };
		7EF2112326092C2F009FFDE0 /* Base */ = {isa = PBXFileReference; lastKnownFileType = file.storyboard; name = Base; path = Base.lproj/LaunchScreen.storyboard; sourceTree = "<group>"; };
		7EF2112526092C2F009FFDE0 /* Info.plist */ = {isa = PBXFileReference; lastKnownFileType = text.plist.xml; path = Info.plist; sourceTree = "<group>"; };
/* End PBXFileReference section */

/* Begin PBXFrameworksBuildPhase section */
		7EF2110D26092C2D009FFDE0 /* Frameworks */ = {
			isa = PBXFrameworksBuildPhase;
			buildActionMask = 2147483647;
			files = (
			);
			runOnlyForDeploymentPostprocessing = 0;
		};
/* End PBXFrameworksBuildPhase section */

/* Begin PBXGroup section */
		7E6778AD2624DDE9007119B7 /* Views */ = {
			isa = PBXGroup;
			children = (
				7EF2111526092C2D009FFDE0 /* GameScene.sks */,
			);
			path = Views;
			sourceTree = "<group>";
		};
		7E6778AE2625C458007119B7 /* Models */ = {
			isa = PBXGroup;
			children = (
				7E6778AF2625C472007119B7 /* Game.swift */,
			);
			path = Models;
			sourceTree = "<group>";
		};
		7E6778B126260946007119B7 /* ApplicationLogic */ = {
			isa = PBXGroup;
			children = (
				7EF2111926092C2D009FFDE0 /* GameScene.swift */,
			);
			path = ApplicationLogic;
			sourceTree = "<group>";
		};
		7EF2110726092C2D009FFDE0 = {
			isa = PBXGroup;
			children = (
				7EF2111226092C2D009FFDE0 /* Work Hard Play Hard */,
				7EF2111126092C2D009FFDE0 /* Products */,
			);
			sourceTree = "<group>";
		};
		7EF2111126092C2D009FFDE0 /* Products */ = {
			isa = PBXGroup;
			children = (
				7EF2111026092C2D009FFDE0 /* Work Hard Play Hard.app */,
			);
			name = Products;
			sourceTree = "<group>";
		};
		7EF2111226092C2D009FFDE0 /* Work Hard Play Hard */ = {
			isa = PBXGroup;
			children = (
				7E6778B126260946007119B7 /* ApplicationLogic */,
				7E6778AE2625C458007119B7 /* Models */,
				7E6778AD2624DDE9007119B7 /* Views */,
				7EF2111326092C2D009FFDE0 /* AppDelegate.swift */,
				7EF2111726092C2D009FFDE0 /* Actions.sks */,
				7EF2111B26092C2D009FFDE0 /* GameViewController.swift */,
				7EF2111D26092C2D009FFDE0 /* Main.storyboard */,
				7EF2112026092C2F009FFDE0 /* Assets.xcassets */,
				7EF2112226092C2F009FFDE0 /* LaunchScreen.storyboard */,
				7EF2112526092C2F009FFDE0 /* Info.plist */,
				7E73CA62260B7B8E00B2DFB1 /* LoginScene.sks */,
				7E73CA64260B7BAE00B2DFB1 /* LoginScene.swift */,
				7E73CA66260B854700B2DFB1 /* TimerScene.sks */,
				7E73CA68260B855800B2DFB1 /* TimerScene.swift */,
				30752769260FC4C400298A77 /* ProductivityScene.sks */,
				3075276D260FC53F00298A77 /* ProductivityScene.swift */,
				30752773260FD47400298A77 /* ProductivityMainScene.swift */,
				30752776260FD4E700298A77 /* ProductivityMainScene.sks */,
				005D1E0D260FE07100C7671D /* SignUpScene.swift */,
				005D1E10260FE12100C7671D /* UserSettingsScene.swift */,
				005D1E13260FE17C00C7671D /* SignUpScene.sks */,
				7E6778A926247D9B007119B7 /* GoogleService-Info.plist */,
				7E6778AB26249311007119B7 /* GameElements.swift */,
			);
			path = "Work Hard Play Hard";
			sourceTree = "<group>";
		};
/* End PBXGroup section */

/* Begin PBXNativeTarget section */
		7EF2110F26092C2D009FFDE0 /* Work Hard Play Hard */ = {
			isa = PBXNativeTarget;
			buildConfigurationList = 7EF2112826092C2F009FFDE0 /* Build configuration list for PBXNativeTarget "Work Hard Play Hard" */;
			buildPhases = (
				7EF2110C26092C2D009FFDE0 /* Sources */,
				7EF2110D26092C2D009FFDE0 /* Frameworks */,
				7EF2110E26092C2D009FFDE0 /* Resources */,
			);
			buildRules = (
			);
			dependencies = (
			);
			name = "Work Hard Play Hard";
			productName = "Work Hard Play Hard";
			productReference = 7EF2111026092C2D009FFDE0 /* Work Hard Play Hard.app */;
			productType = "com.apple.product-type.application";
		};
/* End PBXNativeTarget section */

/* Begin PBXProject section */
		7EF2110826092C2D009FFDE0 /* Project object */ = {
			isa = PBXProject;
			attributes = {
				LastSwiftUpdateCheck = 1140;
				LastUpgradeCheck = 1140;
				ORGANIZATIONNAME = tm;
				TargetAttributes = {
					7EF2110F26092C2D009FFDE0 = {
						CreatedOnToolsVersion = 11.4;
					};
				};
			};
			buildConfigurationList = 7EF2110B26092C2D009FFDE0 /* Build configuration list for PBXProject "Work Hard Play Hard" */;
			compatibilityVersion = "Xcode 9.3";
			developmentRegion = en;
			hasScannedForEncodings = 0;
			knownRegions = (
				en,
				Base,
			);
			mainGroup = 7EF2110726092C2D009FFDE0;
			productRefGroup = 7EF2111126092C2D009FFDE0 /* Products */;
			projectDirPath = "";
			projectRoot = "";
			targets = (
				7EF2110F26092C2D009FFDE0 /* Work Hard Play Hard */,
			);
		};
/* End PBXProject section */

/* Begin PBXResourcesBuildPhase section */
		7EF2110E26092C2D009FFDE0 /* Resources */ = {
			isa = PBXResourcesBuildPhase;
			buildActionMask = 2147483647;
			files = (
				3075276A260FC4C400298A77 /* ProductivityScene.sks in Resources */,
				7EF2111F26092C2D009FFDE0 /* Main.storyboard in Resources */,
				30752777260FD4E700298A77 /* ProductivityMainScene.sks in Resources */,
				7EF2111626092C2D009FFDE0 /* GameScene.sks in Resources */,
				7E73CA63260B7B8E00B2DFB1 /* LoginScene.sks in Resources */,
				7EF2112126092C2F009FFDE0 /* Assets.xcassets in Resources */,
				7EF2112426092C2F009FFDE0 /* LaunchScreen.storyboard in Resources */,
				7EF2111826092C2D009FFDE0 /* Actions.sks in Resources */,
				7E6778AA26247D9C007119B7 /* GoogleService-Info.plist in Resources */,
				005D1E14260FE17C00C7671D /* SignUpScene.sks in Resources */,
				7E73CA67260B854700B2DFB1 /* TimerScene.sks in Resources */,
			);
			runOnlyForDeploymentPostprocessing = 0;
		};
/* End PBXResourcesBuildPhase section */

/* Begin PBXSourcesBuildPhase section */
		7EF2110C26092C2D009FFDE0 /* Sources */ = {
			isa = PBXSourcesBuildPhase;
			buildActionMask = 2147483647;
			files = (
				7E6778AC26249311007119B7 /* GameElements.swift in Sources */,
				005D1E0E260FE07100C7671D /* SignUpScene.swift in Sources */,
				7EF2111A26092C2D009FFDE0 /* GameScene.swift in Sources */,
				7E73CA69260B855800B2DFB1 /* TimerScene.swift in Sources */,
				7EF2111C26092C2D009FFDE0 /* GameViewController.swift in Sources */,
				7E73CA65260B7BAE00B2DFB1 /* LoginScene.swift in Sources */,
				7E6778B02625C472007119B7 /* Game.swift in Sources */,
				3075276E260FC53F00298A77 /* ProductivityScene.swift in Sources */,
				7EF2111426092C2D009FFDE0 /* AppDelegate.swift in Sources */,
				005D1E11260FE12100C7671D /* UserSettingsScene.swift in Sources */,
				30752774260FD47400298A77 /* ProductivityMainScene.swift in Sources */,
			);
			runOnlyForDeploymentPostprocessing = 0;
		};
/* End PBXSourcesBuildPhase section */

/* Begin PBXVariantGroup section */
		7EF2111D26092C2D009FFDE0 /* Main.storyboard */ = {
			isa = PBXVariantGroup;
			children = (
				7EF2111E26092C2D009FFDE0 /* Base */,
			);
			name = Main.storyboard;
			sourceTree = "<group>";
		};
		7EF2112226092C2F009FFDE0 /* LaunchScreen.storyboard */ = {
			isa = PBXVariantGroup;
			children = (
				7EF2112326092C2F009FFDE0 /* Base */,
			);
			name = LaunchScreen.storyboard;
			sourceTree = "<group>";
		};
/* End PBXVariantGroup section */

/* Begin XCBuildConfiguration section */
		7EF2112626092C2F009FFDE0 /* Debug */ = {
			isa = XCBuildConfiguration;
			buildSettings = {
				ALWAYS_SEARCH_USER_PATHS = NO;
				CLANG_ANALYZER_NONNULL = YES;
				CLANG_ANALYZER_NUMBER_OBJECT_CONVERSION = YES_AGGRESSIVE;
				CLANG_CXX_LANGUAGE_STANDARD = "gnu++14";
				CLANG_CXX_LIBRARY = "libc++";
				CLANG_ENABLE_MODULES = YES;
				CLANG_ENABLE_OBJC_ARC = YES;
				CLANG_ENABLE_OBJC_WEAK = YES;
				CLANG_WARN_BLOCK_CAPTURE_AUTORELEASING = YES;
				CLANG_WARN_BOOL_CONVERSION = YES;
				CLANG_WARN_COMMA = YES;
				CLANG_WARN_CONSTANT_CONVERSION = YES;
				CLANG_WARN_DEPRECATED_OBJC_IMPLEMENTATIONS = YES;
				CLANG_WARN_DIRECT_OBJC_ISA_USAGE = YES_ERROR;
				CLANG_WARN_DOCUMENTATION_COMMENTS = YES;
				CLANG_WARN_EMPTY_BODY = YES;
				CLANG_WARN_ENUM_CONVERSION = YES;
				CLANG_WARN_INFINITE_RECURSION = YES;
				CLANG_WARN_INT_CONVERSION = YES;
				CLANG_WARN_NON_LITERAL_NULL_CONVERSION = YES;
				CLANG_WARN_OBJC_IMPLICIT_RETAIN_SELF = YES;
				CLANG_WARN_OBJC_LITERAL_CONVERSION = YES;
				CLANG_WARN_OBJC_ROOT_CLASS = YES_ERROR;
				CLANG_WARN_RANGE_LOOP_ANALYSIS = YES;
				CLANG_WARN_STRICT_PROTOTYPES = YES;
				CLANG_WARN_SUSPICIOUS_MOVE = YES;
				CLANG_WARN_UNGUARDED_AVAILABILITY = YES_AGGRESSIVE;
				CLANG_WARN_UNREACHABLE_CODE = YES;
				CLANG_WARN__DUPLICATE_METHOD_MATCH = YES;
				COPY_PHASE_STRIP = NO;
				DEBUG_INFORMATION_FORMAT = dwarf;
				ENABLE_STRICT_OBJC_MSGSEND = YES;
				ENABLE_TESTABILITY = YES;
				GCC_C_LANGUAGE_STANDARD = gnu11;
				GCC_DYNAMIC_NO_PIC = NO;
				GCC_NO_COMMON_BLOCKS = YES;
				GCC_OPTIMIZATION_LEVEL = 0;
				GCC_PREPROCESSOR_DEFINITIONS = (
					"DEBUG=1",
					"$(inherited)",
				);
				GCC_WARN_64_TO_32_BIT_CONVERSION = YES;
				GCC_WARN_ABOUT_RETURN_TYPE = YES_ERROR;
				GCC_WARN_UNDECLARED_SELECTOR = YES;
				GCC_WARN_UNINITIALIZED_AUTOS = YES_AGGRESSIVE;
				GCC_WARN_UNUSED_FUNCTION = YES;
				GCC_WARN_UNUSED_VARIABLE = YES;
				IPHONEOS_DEPLOYMENT_TARGET = 13.4;
				MTL_ENABLE_DEBUG_INFO = INCLUDE_SOURCE;
				MTL_FAST_MATH = YES;
				ONLY_ACTIVE_ARCH = YES;
				SDKROOT = iphoneos;
				SWIFT_ACTIVE_COMPILATION_CONDITIONS = DEBUG;
				SWIFT_OPTIMIZATION_LEVEL = "-Onone";
			};
			name = Debug;
		};
		7EF2112726092C2F009FFDE0 /* Release */ = {
			isa = XCBuildConfiguration;
			buildSettings = {
				ALWAYS_SEARCH_USER_PATHS = NO;
				CLANG_ANALYZER_NONNULL = YES;
				CLANG_ANALYZER_NUMBER_OBJECT_CONVERSION = YES_AGGRESSIVE;
				CLANG_CXX_LANGUAGE_STANDARD = "gnu++14";
				CLANG_CXX_LIBRARY = "libc++";
				CLANG_ENABLE_MODULES = YES;
				CLANG_ENABLE_OBJC_ARC = YES;
				CLANG_ENABLE_OBJC_WEAK = YES;
				CLANG_WARN_BLOCK_CAPTURE_AUTORELEASING = YES;
				CLANG_WARN_BOOL_CONVERSION = YES;
				CLANG_WARN_COMMA = YES;
				CLANG_WARN_CONSTANT_CONVERSION = YES;
				CLANG_WARN_DEPRECATED_OBJC_IMPLEMENTATIONS = YES;
				CLANG_WARN_DIRECT_OBJC_ISA_USAGE = YES_ERROR;
				CLANG_WARN_DOCUMENTATION_COMMENTS = YES;
				CLANG_WARN_EMPTY_BODY = YES;
				CLANG_WARN_ENUM_CONVERSION = YES;
				CLANG_WARN_INFINITE_RECURSION = YES;
				CLANG_WARN_INT_CONVERSION = YES;
				CLANG_WARN_NON_LITERAL_NULL_CONVERSION = YES;
				CLANG_WARN_OBJC_IMPLICIT_RETAIN_SELF = YES;
				CLANG_WARN_OBJC_LITERAL_CONVERSION = YES;
				CLANG_WARN_OBJC_ROOT_CLASS = YES_ERROR;
				CLANG_WARN_RANGE_LOOP_ANALYSIS = YES;
				CLANG_WARN_STRICT_PROTOTYPES = YES;
				CLANG_WARN_SUSPICIOUS_MOVE = YES;
				CLANG_WARN_UNGUARDED_AVAILABILITY = YES_AGGRESSIVE;
				CLANG_WARN_UNREACHABLE_CODE = YES;
				CLANG_WARN__DUPLICATE_METHOD_MATCH = YES;
				COPY_PHASE_STRIP = NO;
				DEBUG_INFORMATION_FORMAT = "dwarf-with-dsym";
				ENABLE_NS_ASSERTIONS = NO;
				ENABLE_STRICT_OBJC_MSGSEND = YES;
				GCC_C_LANGUAGE_STANDARD = gnu11;
				GCC_NO_COMMON_BLOCKS = YES;
				GCC_WARN_64_TO_32_BIT_CONVERSION = YES;
				GCC_WARN_ABOUT_RETURN_TYPE = YES_ERROR;
				GCC_WARN_UNDECLARED_SELECTOR = YES;
				GCC_WARN_UNINITIALIZED_AUTOS = YES_AGGRESSIVE;
				GCC_WARN_UNUSED_FUNCTION = YES;
				GCC_WARN_UNUSED_VARIABLE = YES;
				IPHONEOS_DEPLOYMENT_TARGET = 13.4;
				MTL_ENABLE_DEBUG_INFO = NO;
				MTL_FAST_MATH = YES;
				SDKROOT = iphoneos;
				SWIFT_COMPILATION_MODE = wholemodule;
				SWIFT_OPTIMIZATION_LEVEL = "-O";
				VALIDATE_PRODUCT = YES;
			};
			name = Release;
		};
		7EF2112926092C2F009FFDE0 /* Debug */ = {
			isa = XCBuildConfiguration;
			buildSettings = {
				ASSETCATALOG_COMPILER_APPICON_NAME = AppIcon;
				CODE_SIGN_STYLE = Automatic;
				DEVELOPMENT_TEAM = UTHL7R8H5K;
				INFOPLIST_FILE = "Work Hard Play Hard/Info.plist";
				LD_RUNPATH_SEARCH_PATHS = (
					"$(inherited)",
					"@executable_path/Frameworks",
				);
				PRODUCT_BUNDLE_IDENTIFIER = "tm.Work-Hard-Play-Hard";
				PRODUCT_NAME = "$(TARGET_NAME)";
				SWIFT_VERSION = 5.0;
				TARGETED_DEVICE_FAMILY = "1,2";
			};
			name = Debug;
		};
		7EF2112A26092C2F009FFDE0 /* Release */ = {
			isa = XCBuildConfiguration;
			buildSettings = {
				ASSETCATALOG_COMPILER_APPICON_NAME = AppIcon;
				CODE_SIGN_STYLE = Automatic;
				DEVELOPMENT_TEAM = UTHL7R8H5K;
				INFOPLIST_FILE = "Work Hard Play Hard/Info.plist";
				LD_RUNPATH_SEARCH_PATHS = (
					"$(inherited)",
					"@executable_path/Frameworks",
				);
				PRODUCT_BUNDLE_IDENTIFIER = "tm.Work-Hard-Play-Hard";
				PRODUCT_NAME = "$(TARGET_NAME)";
				SWIFT_VERSION = 5.0;
				TARGETED_DEVICE_FAMILY = "1,2";
			};
			name = Release;
		};
/* End XCBuildConfiguration section */

/* Begin XCConfigurationList section */
		7EF2110B26092C2D009FFDE0 /* Build configuration list for PBXProject "Work Hard Play Hard" */ = {
			isa = XCConfigurationList;
			buildConfigurations = (
				7EF2112626092C2F009FFDE0 /* Debug */,
				7EF2112726092C2F009FFDE0 /* Release */,
			);
			defaultConfigurationIsVisible = 0;
			defaultConfigurationName = Release;
		};
		7EF2112826092C2F009FFDE0 /* Build configuration list for PBXNativeTarget "Work Hard Play Hard" */ = {
			isa = XCConfigurationList;
			buildConfigurations = (
				7EF2112926092C2F009FFDE0 /* Debug */,
				7EF2112A26092C2F009FFDE0 /* Release */,
			);
			defaultConfigurationIsVisible = 0;
			defaultConfigurationName = Release;
		};
/* End XCConfigurationList section */
	};
	rootObject = 7EF2110826092C2D009FFDE0 /* Project object */;
}
